
Microsoft Visual Studio Solution File, Format Version 12.00
# Visual Studio Version 17
VisualStudioVersion = 17.13.35931.197 d17.13
MinimumVisualStudioVersion = 10.0.40219.1
Project("{888888A0-9F3D-457C-B088-3A5042F75D52}") = "fullstack-capstone", "fullstack-capstone.pyproj", "{98BE5D20-BE6F-48D2-9CE8-52C3654AB22E}"
EndProject
Global
	GlobalSection(SolutionConfigurationPlatforms) = preSolution
		Debug|Any CPU = Debug|Any CPU
		Release|Any CPU = Release|Any CPU
	EndGlobalSection
	GlobalSection(ProjectConfigurationPlatforms) = postSolution
		{98BE5D20-BE6F-48D2-9CE8-52C3654AB22E}.Debug|Any CPU.ActiveCfg = Debug|Any CPU
		{98BE5D20-BE6F-48D2-9CE8-52C3654AB22E}.Release|Any CPU.ActiveCfg = Release|Any CPU
	EndGlobalSection
	GlobalSection(SolutionProperties) = preSolution
		HideSolutionNode = FALSE
	EndGlobalSection
	GlobalSection(ExtensibilityGlobals) = postSolution
		SolutionGuid = {A6CAB9C9-BA2F-49F2-B5AB-389A5A3DC078}
	EndGlobalSection
EndGlobal
